# Bundled custom artifact pins. Managed by upstream-check.yml.
#
# Generated definitions come from the official Velocidex Triage project's
# GitHub Pages branch. URLs contain an immutable commit and every definition
# is verified during the image build.

TRIAGE_SOURCE_COMMIT=b8bc9e3d62ccb57dac58fcc9df2ef6858aea860a
TRIAGE_LINUX_UAC_URL=https://raw.githubusercontent.com/Velocidex/velociraptor-triage-collector/b8bc9e3d62ccb57dac58fcc9df2ef6858aea860a/docs/linux.triage.uac/Linux.Triage.UAC.yaml
TRIAGE_LINUX_UAC_SHA256=2a9d601319a030346b07c7eba84e1664e9311ef119a37a8e4f4eac53068349da
TRIAGE_WINDOWS_TARGETS_URL=https://raw.githubusercontent.com/Velocidex/velociraptor-triage-collector/b8bc9e3d62ccb57dac58fcc9df2ef6858aea860a/docs/windows.triage.targets/Windows.Triage.Targets.yaml
TRIAGE_WINDOWS_TARGETS_SHA256=6490249ad83ca44ee4fe48523c6686a419db34556edfddefc55db37961b7d41c
