# Per-asset version pins. Managed by upstream-check.yml.
#
# Each asset records the Velocidex patch version it should be pulled from
# (e.g. v0.76.5) and the expected sha256.
#
# Normally every asset matches VELOX_VERSION in versions.env. When upstream
# hasn't published a given platform for that patch yet, upstream-check walks
# back through earlier patches (still inside the same minor release, or
# earlier minor releases) and pins that asset to the most recent one that
# does have it.
#
# Format: <key>_VERSION=<patch-tag>   <key>_SHA256=<hex>
# Keys: LINUX_AMD64, LINUX_ARM64, DARWIN_AMD64, DARWIN_ARM64, WINDOWS_EXE, WINDOWS_MSI

LINUX_AMD64_VERSION=v0.76.6
LINUX_AMD64_SHA256=9b1c439834a562a96cbef886f26a93521d16b020fd96777fb30e01f88947af18
LINUX_ARM64_VERSION=v0.76.6
LINUX_ARM64_SHA256=d19218d37d76b6988d25d21d2cdb349658fa12b355d44c90f44b5cdd975b7616
DARWIN_AMD64_VERSION=v0.76.6
DARWIN_AMD64_SHA256=6308ea8c7f7dbacad791977caefe387c61daaebf4f94cde2e1c39d89968091a3
DARWIN_ARM64_VERSION=v0.76.6
DARWIN_ARM64_SHA256=4518998f95de31d4ee5734dfbcdd60f834c43a1b9fc6f9a1f372d8099172a496
WINDOWS_EXE_VERSION=v0.76.6
WINDOWS_EXE_SHA256=1e82175822aa9ffdfd7bc177599642f3db55159d0a2f38bb0fcc6722f15573cd
WINDOWS_MSI_VERSION=v0.76.6
WINDOWS_MSI_SHA256=e5fc16e7d4aea87f70edb9ce09112f1c92808b9e4547a544769d433545ff3ee3
